// !$*UTF8*$!
{
	archiveVersion = 1;
	classes = {
	};
	objectVersion = 50;
	objects = {

/* Begin PBXBuildFile section */
		EE2DA4B12496681B009C3C8C /* AppDelegate.swift in Sources */ = {isa = PBXBuildFile; fileRef = EE2DA4B02496681B009C3C8C /* AppDelegate.swift */; };
		EE2DA4BA2496681D009C3C8C /* Assets.xcassets in Resources */ = {isa = PBXBuildFile; fileRef = EE2DA4B92496681D009C3C8C /* Assets.xcassets */; };
		EE2DA4BD2496681D009C3C8C /* LaunchScreen.storyboard in Resources */ = {isa = PBXBuildFile; fileRef = EE2DA4BB2496681D009C3C8C /* LaunchScreen.storyboard */; };
		EE2DA4C82496681D009C3C8C /* TranslatorTests.swift in Sources */ = {isa = PBXBuildFile; fileRef = EE2DA4C72496681D009C3C8C /* TranslatorTests.swift */; };
		EE2DA4DF249676D4009C3C8C /* TranslateViewController.storyboard in Resources */ = {isa = PBXBuildFile; fileRef = EE2DA4DE249676D4009C3C8C /* TranslateViewController.storyboard */; };
		EE2DA4E1249676F3009C3C8C /* TranslateViewController.swift in Sources */ = {isa = PBXBuildFile; fileRef = EE2DA4E0249676F3009C3C8C /* TranslateViewController.swift */; };
		EE2DA51224967E86009C3C8C /* TranslateModuleConfigurator.swift in Sources */ = {isa = PBXBuildFile; fileRef = EE2DA51124967E86009C3C8C /* TranslateModuleConfigurator.swift */; };
/* End PBXBuildFile section */

/* Begin PBXContainerItemProxy section */
		EE2DA4C42496681D009C3C8C /* PBXContainerItemProxy */ = {
			isa = PBXContainerItemProxy;
			containerPortal = EE2DA4A52496681B009C3C8C /* Project object */;
			proxyType = 1;
			remoteGlobalIDString = EE2DA4AC2496681B009C3C8C;
			remoteInfo = Translator;
		};
/* End PBXContainerItemProxy section */

/* Begin PBXFileReference section */
		EE2DA4AD2496681B009C3C8C /* Translator.app */ = {isa = PBXFileReference; explicitFileType = wrapper.application; includeInIndex = 0; path = Translator.app; sourceTree = BUILT_PRODUCTS_DIR; };
		EE2DA4B02496681B009C3C8C /* AppDelegate.swift */ = {isa = PBXFileReference; lastKnownFileType = sourcecode.swift; path = AppDelegate.swift; sourceTree = "<group>"; };
		EE2DA4B92496681D009C3C8C /* Assets.xcassets */ = {isa = PBXFileReference; lastKnownFileType = folder.assetcatalog; path = Assets.xcassets; sourceTree = "<group>"; };
		EE2DA4BC2496681D009C3C8C /* Base */ = {isa = PBXFileReference; lastKnownFileType = file.storyboard; name = Base; path = Base.lproj/LaunchScreen.storyboard; sourceTree = "<group>"; };
		EE2DA4BE2496681D009C3C8C /* Info.plist */ = {isa = PBXFileReference; lastKnownFileType = text.plist.xml; path = Info.plist; sourceTree = "<group>"; };
		EE2DA4C32496681D009C3C8C /* TranslatorTests.xctest */ = {isa = PBXFileReference; explicitFileType = wrapper.cfbundle; includeInIndex = 0; path = TranslatorTests.xctest; sourceTree = BUILT_PRODUCTS_DIR; };
		EE2DA4C72496681D009C3C8C /* TranslatorTests.swift */ = {isa = PBXFileReference; lastKnownFileType = sourcecode.swift; path = TranslatorTests.swift; sourceTree = "<group>"; };
		EE2DA4C92496681D009C3C8C /* Info.plist */ = {isa = PBXFileReference; lastKnownFileType = text.plist.xml; path = Info.plist; sourceTree = "<group>"; };
		EE2DA4DE249676D4009C3C8C /* TranslateViewController.storyboard */ = {isa = PBXFileReference; lastKnownFileType = file.storyboard; path = TranslateViewController.storyboard; sourceTree = "<group>"; };
		EE2DA4E0249676F3009C3C8C /* TranslateViewController.swift */ = {isa = PBXFileReference; lastKnownFileType = sourcecode.swift; path = TranslateViewController.swift; sourceTree = "<group>"; };
		EE2DA51124967E86009C3C8C /* TranslateModuleConfigurator.swift */ = {isa = PBXFileReference; lastKnownFileType = sourcecode.swift; path = TranslateModuleConfigurator.swift; sourceTree = "<group>"; };
/* End PBXFileReference section */

/* Begin PBXFrameworksBuildPhase section */
		EE2DA4AA2496681B009C3C8C /* Frameworks */ = {
			isa = PBXFrameworksBuildPhase;
			buildActionMask = 2147483647;
			files = (
			);
			runOnlyForDeploymentPostprocessing = 0;
		};
		EE2DA4C02496681D009C3C8C /* Frameworks */ = {
			isa = PBXFrameworksBuildPhase;
			buildActionMask = 2147483647;
			files = (
			);
			runOnlyForDeploymentPostprocessing = 0;
		};
/* End PBXFrameworksBuildPhase section */

/* Begin PBXGroup section */
		EE2DA4A42496681B009C3C8C = {
			isa = PBXGroup;
			children = (
				EE2DA4AF2496681B009C3C8C /* Translator */,
				EE2DA4C62496681D009C3C8C /* TranslatorTests */,
				EE2DA4AE2496681B009C3C8C /* Products */,
			);
			sourceTree = "<group>";
		};
		EE2DA4AE2496681B009C3C8C /* Products */ = {
			isa = PBXGroup;
			children = (
				EE2DA4AD2496681B009C3C8C /* Translator.app */,
				EE2DA4C32496681D009C3C8C /* TranslatorTests.xctest */,
			);
			name = Products;
			sourceTree = "<group>";
		};
		EE2DA4AF2496681B009C3C8C /* Translator */ = {
			isa = PBXGroup;
			children = (
				EE2DA4DB2496752D009C3C8C /* User Stories */,
				EE2DA4D924967278009C3C8C /* 📦 Resources */,
				EE2DA4D8249671AD009C3C8C /* 🏠Application */,
			);
			path = Translator;
			sourceTree = "<group>";
		};
		EE2DA4C62496681D009C3C8C /* TranslatorTests */ = {
			isa = PBXGroup;
			children = (
				EE2DA4C72496681D009C3C8C /* TranslatorTests.swift */,
				EE2DA4C92496681D009C3C8C /* Info.plist */,
			);
			path = TranslatorTests;
			sourceTree = "<group>";
		};
		EE2DA4D8249671AD009C3C8C /* 🏠Application */ = {
			isa = PBXGroup;
			children = (
				EE2DA4BB2496681D009C3C8C /* LaunchScreen.storyboard */,
				EE2DA4BE2496681D009C3C8C /* Info.plist */,
				EE2DA4B02496681B009C3C8C /* AppDelegate.swift */,
			);
			path = "🏠Application";
			sourceTree = "<group>";
		};
		EE2DA4D924967278009C3C8C /* 📦 Resources */ = {
			isa = PBXGroup;
			children = (
				EE2DA4DA2496727E009C3C8C /* Assets */,
			);
			path = "📦 Resources";
			sourceTree = "<group>";
		};
		EE2DA4DA2496727E009C3C8C /* Assets */ = {
			isa = PBXGroup;
			children = (
				EE2DA4B92496681D009C3C8C /* Assets.xcassets */,
			);
			path = Assets;
			sourceTree = "<group>";
		};
		EE2DA4DB2496752D009C3C8C /* User Stories */ = {
			isa = PBXGroup;
			children = (
				EE2DA4DC24967678009C3C8C /* Translate */,
			);
			path = "User Stories";
			sourceTree = "<group>";
		};
		EE2DA4DC24967678009C3C8C /* Translate */ = {
			isa = PBXGroup;
			children = (
				EE2DA51024967E70009C3C8C /* Configurator */,
				EE2DA4DD249676AE009C3C8C /* View */,
			);
			path = Translate;
			sourceTree = "<group>";
		};
		EE2DA4DD249676AE009C3C8C /* View */ = {
			isa = PBXGroup;
			children = (
				EE2DA4DE249676D4009C3C8C /* TranslateViewController.storyboard */,
				EE2DA4E0249676F3009C3C8C /* TranslateViewController.swift */,
			);
			path = View;
			sourceTree = "<group>";
		};
		EE2DA51024967E70009C3C8C /* Configurator */ = {
			isa = PBXGroup;
			children = (
				EE2DA51124967E86009C3C8C /* TranslateModuleConfigurator.swift */,
			);
			path = Configurator;
			sourceTree = "<group>";
		};
/* End PBXGroup section */

/* Begin PBXNativeTarget section */
		EE2DA4AC2496681B009C3C8C /* Translator */ = {
			isa = PBXNativeTarget;
			buildConfigurationList = EE2DA4CC2496681D009C3C8C /* Build configuration list for PBXNativeTarget "Translator" */;
			buildPhases = (
				EE2DA4A92496681B009C3C8C /* Sources */,
				EE2DA4AA2496681B009C3C8C /* Frameworks */,
				EE2DA4AB2496681B009C3C8C /* Resources */,
			);
			buildRules = (
			);
			dependencies = (
			);
			name = Translator;
			productName = Translator;
			productReference = EE2DA4AD2496681B009C3C8C /* Translator.app */;
			productType = "com.apple.product-type.application";
		};
		EE2DA4C22496681D009C3C8C /* TranslatorTests */ = {
			isa = PBXNativeTarget;
			buildConfigurationList = EE2DA4CF2496681D009C3C8C /* Build configuration list for PBXNativeTarget "TranslatorTests" */;
			buildPhases = (
				EE2DA4BF2496681D009C3C8C /* Sources */,
				EE2DA4C02496681D009C3C8C /* Frameworks */,
				EE2DA4C12496681D009C3C8C /* Resources */,
			);
			buildRules = (
			);
			dependencies = (
				EE2DA4C52496681D009C3C8C /* PBXTargetDependency */,
			);
			name = TranslatorTests;
			productName = TranslatorTests;
			productReference = EE2DA4C32496681D009C3C8C /* TranslatorTests.xctest */;
			productType = "com.apple.product-type.bundle.unit-test";
		};
/* End PBXNativeTarget section */

/* Begin PBXProject section */
		EE2DA4A52496681B009C3C8C /* Project object */ = {
			isa = PBXProject;
			attributes = {
				LastSwiftUpdateCheck = 1120;
				LastUpgradeCheck = 1120;
				ORGANIZATIONNAME = "Сергей Полозов";
				TargetAttributes = {
					EE2DA4AC2496681B009C3C8C = {
						CreatedOnToolsVersion = 11.2.1;
					};
					EE2DA4C22496681D009C3C8C = {
						CreatedOnToolsVersion = 11.2.1;
						TestTargetID = EE2DA4AC2496681B009C3C8C;
					};
				};
			};
			buildConfigurationList = EE2DA4A82496681B009C3C8C /* Build configuration list for PBXProject "Translator" */;
			compatibilityVersion = "Xcode 9.3";
			developmentRegion = en;
			hasScannedForEncodings = 0;
			knownRegions = (
				en,
				Base,
			);
			mainGroup = EE2DA4A42496681B009C3C8C;
			productRefGroup = EE2DA4AE2496681B009C3C8C /* Products */;
			projectDirPath = "";
			projectRoot = "";
			targets = (
				EE2DA4AC2496681B009C3C8C /* Translator */,
				EE2DA4C22496681D009C3C8C /* TranslatorTests */,
			);
		};
/* End PBXProject section */

/* Begin PBXResourcesBuildPhase section */
		EE2DA4AB2496681B009C3C8C /* Resources */ = {
			isa = PBXResourcesBuildPhase;
			buildActionMask = 2147483647;
			files = (
				EE2DA4BD2496681D009C3C8C /* LaunchScreen.storyboard in Resources */,
				EE2DA4BA2496681D009C3C8C /* Assets.xcassets in Resources */,
				EE2DA4DF249676D4009C3C8C /* TranslateViewController.storyboard in Resources */,
			);
			runOnlyForDeploymentPostprocessing = 0;
		};
		EE2DA4C12496681D009C3C8C /* Resources */ = {
			isa = PBXResourcesBuildPhase;
			buildActionMask = 2147483647;
			files = (
			);
			runOnlyForDeploymentPostprocessing = 0;
		};
/* End PBXResourcesBuildPhase section */

/* Begin PBXSourcesBuildPhase section */
		EE2DA4A92496681B009C3C8C /* Sources */ = {
			isa = PBXSourcesBuildPhase;
			buildActionMask = 2147483647;
			files = (
				EE2DA4B12496681B009C3C8C /* AppDelegate.swift in Sources */,
				EE2DA4E1249676F3009C3C8C /* TranslateViewController.swift in Sources */,
				EE2DA51224967E86009C3C8C /* TranslateModuleConfigurator.swift in Sources */,
			);
			runOnlyForDeploymentPostprocessing = 0;
		};
		EE2DA4BF2496681D009C3C8C /* Sources */ = {
			isa = PBXSourcesBuildPhase;
			buildActionMask = 2147483647;
			files = (
				EE2DA4C82496681D009C3C8C /* TranslatorTests.swift in Sources */,
			);
			runOnlyForDeploymentPostprocessing = 0;
		};
/* End PBXSourcesBuildPhase section */

/* Begin PBXTargetDependency section */
		EE2DA4C52496681D009C3C8C /* PBXTargetDependency */ = {
			isa = PBXTargetDependency;
			target = EE2DA4AC2496681B009C3C8C /* Translator */;
			targetProxy = EE2DA4C42496681D009C3C8C /* PBXContainerItemProxy */;
		};
/* End PBXTargetDependency section */

/* Begin PBXVariantGroup section */
		EE2DA4BB2496681D009C3C8C /* LaunchScreen.storyboard */ = {
			isa = PBXVariantGroup;
			children = (
				EE2DA4BC2496681D009C3C8C /* Base */,
			);
			name = LaunchScreen.storyboard;
			sourceTree = "<group>";
		};
/* End PBXVariantGroup section */

/* Begin XCBuildConfiguration section */
		EE2DA4CA2496681D009C3C8C /* Debug */ = {
			isa = XCBuildConfiguration;
			buildSettings = {
				ALWAYS_SEARCH_USER_PATHS = NO;
				CLANG_ANALYZER_NONNULL = YES;
				CLANG_ANALYZER_NUMBER_OBJECT_CONVERSION = YES_AGGRESSIVE;
				CLANG_CXX_LANGUAGE_STANDARD = "gnu++14";
				CLANG_CXX_LIBRARY = "libc++";
				CLANG_ENABLE_MODULES = YES;
				CLANG_ENABLE_OBJC_ARC = YES;
				CLANG_ENABLE_OBJC_WEAK = YES;
				CLANG_WARN_BLOCK_CAPTURE_AUTORELEASING = YES;
				CLANG_WARN_BOOL_CONVERSION = YES;
				CLANG_WARN_COMMA = YES;
				CLANG_WARN_CONSTANT_CONVERSION = YES;
				CLANG_WARN_DEPRECATED_OBJC_IMPLEMENTATIONS = YES;
				CLANG_WARN_DIRECT_OBJC_ISA_USAGE = YES_ERROR;
				CLANG_WARN_DOCUMENTATION_COMMENTS = YES;
				CLANG_WARN_EMPTY_BODY = YES;
				CLANG_WARN_ENUM_CONVERSION = YES;
				CLANG_WARN_INFINITE_RECURSION = YES;
				CLANG_WARN_INT_CONVERSION = YES;
				CLANG_WARN_NON_LITERAL_NULL_CONVERSION = YES;
				CLANG_WARN_OBJC_IMPLICIT_RETAIN_SELF = YES;
				CLANG_WARN_OBJC_LITERAL_CONVERSION = YES;
				CLANG_WARN_OBJC_ROOT_CLASS = YES_ERROR;
				CLANG_WARN_RANGE_LOOP_ANALYSIS = YES;
				CLANG_WARN_STRICT_PROTOTYPES = YES;
				CLANG_WARN_SUSPICIOUS_MOVE = YES;
				CLANG_WARN_UNGUARDED_AVAILABILITY = YES_AGGRESSIVE;
				CLANG_WARN_UNREACHABLE_CODE = YES;
				CLANG_WARN__DUPLICATE_METHOD_MATCH = YES;
				COPY_PHASE_STRIP = NO;
				DEBUG_INFORMATION_FORMAT = dwarf;
				ENABLE_STRICT_OBJC_MSGSEND = YES;
				ENABLE_TESTABILITY = YES;
				GCC_C_LANGUAGE_STANDARD = gnu11;
				GCC_DYNAMIC_NO_PIC = NO;
				GCC_NO_COMMON_BLOCKS = YES;
				GCC_OPTIMIZATION_LEVEL = 0;
				GCC_PREPROCESSOR_DEFINITIONS = (
					"DEBUG=1",
					"$(inherited)",
				);
				GCC_WARN_64_TO_32_BIT_CONVERSION = YES;
				GCC_WARN_ABOUT_RETURN_TYPE = YES_ERROR;
				GCC_WARN_UNDECLARED_SELECTOR = YES;
				GCC_WARN_UNINITIALIZED_AUTOS = YES_AGGRESSIVE;
				GCC_WARN_UNUSED_FUNCTION = YES;
				GCC_WARN_UNUSED_VARIABLE = YES;
				IPHONEOS_DEPLOYMENT_TARGET = 12.0;
				MTL_ENABLE_DEBUG_INFO = INCLUDE_SOURCE;
				MTL_FAST_MATH = YES;
				ONLY_ACTIVE_ARCH = YES;
				SDKROOT = iphoneos;
				SWIFT_ACTIVE_COMPILATION_CONDITIONS = DEBUG;
				SWIFT_OPTIMIZATION_LEVEL = "-Onone";
			};
			name = Debug;
		};
		EE2DA4CB2496681D009C3C8C /* Release */ = {
			isa = XCBuildConfiguration;
			buildSettings = {
				ALWAYS_SEARCH_USER_PATHS = NO;
				CLANG_ANALYZER_NONNULL = YES;
				CLANG_ANALYZER_NUMBER_OBJECT_CONVERSION = YES_AGGRESSIVE;
				CLANG_CXX_LANGUAGE_STANDARD = "gnu++14";
				CLANG_CXX_LIBRARY = "libc++";
				CLANG_ENABLE_MODULES = YES;
				CLANG_ENABLE_OBJC_ARC = YES;
				CLANG_ENABLE_OBJC_WEAK = YES;
				CLANG_WARN_BLOCK_CAPTURE_AUTORELEASING = YES;
				CLANG_WARN_BOOL_CONVERSION = YES;
				CLANG_WARN_COMMA = YES;
				CLANG_WARN_CONSTANT_CONVERSION = YES;
				CLANG_WARN_DEPRECATED_OBJC_IMPLEMENTATIONS = YES;
				CLANG_WARN_DIRECT_OBJC_ISA_USAGE = YES_ERROR;
				CLANG_WARN_DOCUMENTATION_COMMENTS = YES;
				CLANG_WARN_EMPTY_BODY = YES;
				CLANG_WARN_ENUM_CONVERSION = YES;
				CLANG_WARN_INFINITE_RECURSION = YES;
				CLANG_WARN_INT_CONVERSION = YES;
				CLANG_WARN_NON_LITERAL_NULL_CONVERSION = YES;
				CLANG_WARN_OBJC_IMPLICIT_RETAIN_SELF = YES;
				CLANG_WARN_OBJC_LITERAL_CONVERSION = YES;
				CLANG_WARN_OBJC_ROOT_CLASS = YES_ERROR;
				CLANG_WARN_RANGE_LOOP_ANALYSIS = YES;
				CLANG_WARN_STRICT_PROTOTYPES = YES;
				CLANG_WARN_SUSPICIOUS_MOVE = YES;
				CLANG_WARN_UNGUARDED_AVAILABILITY = YES_AGGRESSIVE;
				CLANG_WARN_UNREACHABLE_CODE = YES;
				CLANG_WARN__DUPLICATE_METHOD_MATCH = YES;
				COPY_PHASE_STRIP = NO;
				DEBUG_INFORMATION_FORMAT = "dwarf-with-dsym";
				ENABLE_NS_ASSERTIONS = NO;
				ENABLE_STRICT_OBJC_MSGSEND = YES;
				GCC_C_LANGUAGE_STANDARD = gnu11;
				GCC_NO_COMMON_BLOCKS = YES;
				GCC_WARN_64_TO_32_BIT_CONVERSION = YES;
				GCC_WARN_ABOUT_RETURN_TYPE = YES_ERROR;
				GCC_WARN_UNDECLARED_SELECTOR = YES;
				GCC_WARN_UNINITIALIZED_AUTOS = YES_AGGRESSIVE;
				GCC_WARN_UNUSED_FUNCTION = YES;
				GCC_WARN_UNUSED_VARIABLE = YES;
				IPHONEOS_DEPLOYMENT_TARGET = 12.0;
				MTL_ENABLE_DEBUG_INFO = NO;
				MTL_FAST_MATH = YES;
				SDKROOT = iphoneos;
				SWIFT_COMPILATION_MODE = wholemodule;
				SWIFT_OPTIMIZATION_LEVEL = "-O";
				VALIDATE_PRODUCT = YES;
			};
			name = Release;
		};
		EE2DA4CD2496681D009C3C8C /* Debug */ = {
			isa = XCBuildConfiguration;
			buildSettings = {
				ASSETCATALOG_COMPILER_APPICON_NAME = AppIcon;
				CODE_SIGN_STYLE = Automatic;
				CURRENT_PROJECT_VERSION = 1;
				DEVELOPMENT_TEAM = QQSG7S4P3W;
				INFOPLIST_FILE = "$(SRCROOT)/TranslatorTests/Info.plist";
				LD_RUNPATH_SEARCH_PATHS = (
					"$(inherited)",
					"@executable_path/Frameworks",
				);
				MARKETING_VERSION = 1;
				PRODUCT_BUNDLE_IDENTIFIER = polozov.Translator;
				PRODUCT_NAME = "$(TARGET_NAME)";
				SWIFT_VERSION = 5.0;
				TARGETED_DEVICE_FAMILY = "1,2";
			};
			name = Debug;
		};
		EE2DA4CE2496681D009C3C8C /* Release */ = {
			isa = XCBuildConfiguration;
			buildSettings = {
				ASSETCATALOG_COMPILER_APPICON_NAME = AppIcon;
				CODE_SIGN_STYLE = Automatic;
				CURRENT_PROJECT_VERSION = 1;
				DEVELOPMENT_TEAM = QQSG7S4P3W;
				INFOPLIST_FILE = "$(SRCROOT)/TranslatorTests/Info.plist";
				LD_RUNPATH_SEARCH_PATHS = (
					"$(inherited)",
					"@executable_path/Frameworks",
				);
				MARKETING_VERSION = 1;
				PRODUCT_BUNDLE_IDENTIFIER = polozov.Translator;
				PRODUCT_NAME = "$(TARGET_NAME)";
				SWIFT_VERSION = 5.0;
				TARGETED_DEVICE_FAMILY = "1,2";
			};
			name = Release;
		};
		EE2DA4D02496681D009C3C8C /* Debug */ = {
			isa = XCBuildConfiguration;
			buildSettings = {
				ALWAYS_EMBED_SWIFT_STANDARD_LIBRARIES = YES;
				BUNDLE_LOADER = "$(TEST_HOST)";
				CODE_SIGN_STYLE = Automatic;
				DEVELOPMENT_TEAM = QQSG7S4P3W;
				INFOPLIST_FILE = TranslatorTests/Info.plist;
				IPHONEOS_DEPLOYMENT_TARGET = 13.2;
				LD_RUNPATH_SEARCH_PATHS = (
					"$(inherited)",
					"@executable_path/Frameworks",
					"@loader_path/Frameworks",
				);
				PRODUCT_BUNDLE_IDENTIFIER = polozov.TranslatorTests;
				PRODUCT_NAME = "$(TARGET_NAME)";
				SWIFT_VERSION = 5.0;
				TARGETED_DEVICE_FAMILY = "1,2";
				TEST_HOST = "$(BUILT_PRODUCTS_DIR)/Translator.app/Translator";
			};
			name = Debug;
		};
		EE2DA4D12496681D009C3C8C /* Release */ = {
			isa = XCBuildConfiguration;
			buildSettings = {
				ALWAYS_EMBED_SWIFT_STANDARD_LIBRARIES = YES;
				BUNDLE_LOADER = "$(TEST_HOST)";
				CODE_SIGN_STYLE = Automatic;
				DEVELOPMENT_TEAM = QQSG7S4P3W;
				INFOPLIST_FILE = TranslatorTests/Info.plist;
				IPHONEOS_DEPLOYMENT_TARGET = 13.2;
				LD_RUNPATH_SEARCH_PATHS = (
					"$(inherited)",
					"@executable_path/Frameworks",
					"@loader_path/Frameworks",
				);
				PRODUCT_BUNDLE_IDENTIFIER = polozov.TranslatorTests;
				PRODUCT_NAME = "$(TARGET_NAME)";
				SWIFT_VERSION = 5.0;
				TARGETED_DEVICE_FAMILY = "1,2";
				TEST_HOST = "$(BUILT_PRODUCTS_DIR)/Translator.app/Translator";
			};
			name = Release;
		};
/* End XCBuildConfiguration section */

/* Begin XCConfigurationList section */
		EE2DA4A82496681B009C3C8C /* Build configuration list for PBXProject "Translator" */ = {
			isa = XCConfigurationList;
			buildConfigurations = (
				EE2DA4CA2496681D009C3C8C /* Debug */,
				EE2DA4CB2496681D009C3C8C /* Release */,
			);
			defaultConfigurationIsVisible = 0;
			defaultConfigurationName = Release;
		};
		EE2DA4CC2496681D009C3C8C /* Build configuration list for PBXNativeTarget "Translator" */ = {
			isa = XCConfigurationList;
			buildConfigurations = (
				EE2DA4CD2496681D009C3C8C /* Debug */,
				EE2DA4CE2496681D009C3C8C /* Release */,
			);
			defaultConfigurationIsVisible = 0;
			defaultConfigurationName = Release;
		};
		EE2DA4CF2496681D009C3C8C /* Build configuration list for PBXNativeTarget "TranslatorTests" */ = {
			isa = XCConfigurationList;
			buildConfigurations = (
				EE2DA4D02496681D009C3C8C /* Debug */,
				EE2DA4D12496681D009C3C8C /* Release */,
			);
			defaultConfigurationIsVisible = 0;
			defaultConfigurationName = Release;
		};
/* End XCConfigurationList section */
	};
	rootObject = EE2DA4A52496681B009C3C8C /* Project object */;
}
